<?xml version="1.0" encoding="utf-8"?>
<Project ToolsVersion="4.0" xmlns="http://schemas.microsoft.com/developer/msbuild/2003">
  <ItemGroup>
    <Filter Include="Source Files">
      <UniqueIdentifier>{4FC737F1-C7A5-4376-A066-2A32D752A2FF}</UniqueIdentifier>
      <Extensions>cpp;c;cc;cxx;def;odl;idl;hpj;bat;asm;asmx</Extensions>
    </Filter>
    <Filter Include="Header Files">
      <UniqueIdentifier>{93995380-89BD-4b04-88EB-625FBE52EBFB}</UniqueIdentifier>
      <Extensions>h;hh;hpp;hxx;hm;inl;inc;xsd</Extensions>
    </Filter>
    <Filter Include="Resource Files">
      <UniqueIdentifier>{67DA6AB6-F800-4c08-8B7A-83BB121AAD01}</UniqueIdentifier>
      <Extensions>rc;ico;cur;bmp;dlg;rc2;rct;bin;rgs;gif;jpg;jpeg;jpe;resx;tiff;tif;png;wav;mfcribbon-ms</Extensions>
    </Filter>
  </ItemGroup>
  <ItemGroup>
    <ClInclude Include="..\..\Warehouse\WarehouseLayout\WarehouseLayout\warehouse_common.h">
      <Filter>Header Files</Filter>
    </ClInclude>
    <ClInclude Include="robots.h">
      <Filter>Header Files</Filter>
    </ClInclude>
    <ClInclude Include="ShortestPath.h">
      <Filter>Source Files</Filter>
    </ClInclude>
    <ClInclude Include="warehouse_local.h">
      <Filter>Header Files</Filter>
    </ClInclude>
    <ClInclude Include="stock.h">
      <Filter>Header Files</Filter>
    </ClInclude>
    <ClInclude Include="truck.h">
      <Filter>Header Files</Filter>
    </ClInclude>
    <ClInclude Include="Order.h">
      <Filter>Header Files</Filter>
    </ClInclude>
    <ClInclude Include="Lynx%27s includes\DynamicOrderQueue.h">
      <Filter>Header Files</Filter>
    </ClInclude>
    <ClInclude Include="Lynx%27s includes\json.hpp">
      <Filter>Header Files</Filter>
    </ClInclude>
    <ClInclude Include="Lynx%27s includes\JsonConverter.h">
      <Filter>Header Files</Filter>
    </ClInclude>
    <ClInclude Include="Lynx%27s includes\JsonProductConverter.h">
      <Filter>Header Files</Filter>
    </ClInclude>
    <ClInclude Include="Lynx%27s includes\JsonProductLibraryApi.h">
      <Filter>Header Files</Filter>
    </ClInclude>
    <ClInclude Include="Lynx%27s includes\Order.h">
      <Filter>Header Files</Filter>
    </ClInclude>
    <ClInclude Include="Lynx%27s includes\OrderQueue.h">
      <Filter>Header Files</Filter>
    </ClInclude>
    <ClInclude Include="Lynx%27s includes\Product.h">
      <Filter>Header Files</Filter>
    </ClInclude>
    <ClInclude Include="Lynx%27s includes\ProductLib.h">
      <Filter>Header Files</Filter>
    </ClInclude>
    <ClInclude Include="Lynx%27s includes\ProductLibApi.h">
      <Filter>Header Files</Filter>
    </ClInclude>
    <ClInclude Include="Lynx%27s includes\ProductMessage.h">
      <Filter>Header Files</Filter>
    </ClInclude>
    <ClInclude Include="Lynx%27s includes\WarehouseComm.h">
      <Filter>Header Files</Filter>
    </ClInclude>
  </ItemGroup>
  <ItemGroup>
    <ClCompile Include="warehouse_main.cpp">
      <Filter>Source Files</Filter>
    </ClCompile>
    <ClCompile Include="TestFunctions.cpp">
      <Filter>Source Files</Filter>
    </ClCompile>
  </ItemGroup>
</Project>